// !$*UTF8*$!
{
	archiveVersion = 1;
	classes = {
	};
	objectVersion = 48;
	objects = {

/* Begin PBXBuildFile section */
		3D21C0761FC4EA6E00F4DFC3 /* AppDelegate.swift in Sources */ = {isa = PBXBuildFile; fileRef = 3D21C0751FC4EA6E00F4DFC3 /* AppDelegate.swift */; };
		3D21C07D1FC4EA6E00F4DFC3 /* NavigationTabBar.storyboard in Resources */ = {isa = PBXBuildFile; fileRef = 3D21C07B1FC4EA6E00F4DFC3 /* NavigationTabBar.storyboard */; };
		3D21C0821FC4EA6E00F4DFC3 /* LaunchScreen.storyboard in Resources */ = {isa = PBXBuildFile; fileRef = 3D21C0801FC4EA6E00F4DFC3 /* LaunchScreen.storyboard */; };
		3D21C08D1FC4EA6F00F4DFC3 /* TravelDiscoveryTests.swift in Sources */ = {isa = PBXBuildFile; fileRef = 3D21C08C1FC4EA6F00F4DFC3 /* TravelDiscoveryTests.swift */; };
		3D6763001FC6162600CFFF32 /* Login.storyboard in Resources */ = {isa = PBXBuildFile; fileRef = 3D6762FF1FC6162600CFFF32 /* Login.storyboard */; };
		3D6763021FC6163C00CFFF32 /* LoginViewController.swift in Sources */ = {isa = PBXBuildFile; fileRef = 3D6763011FC6163C00CFFF32 /* LoginViewController.swift */; };
		3D6763071FC628EF00CFFF32 /* EmailSignUpViewController.swift in Sources */ = {isa = PBXBuildFile; fileRef = 3D6763061FC628EF00CFFF32 /* EmailSignUpViewController.swift */; };
		3D6763091FC6292100CFFF32 /* EmailLoginViewController.swift in Sources */ = {isa = PBXBuildFile; fileRef = 3D6763081FC6292100CFFF32 /* EmailLoginViewController.swift */; };
		3D7830F11FC8E9EF00305D1D /* Settings.storyboard in Resources */ = {isa = PBXBuildFile; fileRef = 3D7830F01FC8E9EF00305D1D /* Settings.storyboard */; };
		3D7830F31FC8E9FD00305D1D /* Travels.storyboard in Resources */ = {isa = PBXBuildFile; fileRef = 3D7830F21FC8E9FD00305D1D /* Travels.storyboard */; };
		3D7830F51FC8EA0800305D1D /* Map.storyboard in Resources */ = {isa = PBXBuildFile; fileRef = 3D7830F41FC8EA0800305D1D /* Map.storyboard */; };
		3D7830F71FC8EA1900305D1D /* Feed.storyboard in Resources */ = {isa = PBXBuildFile; fileRef = 3D7830F61FC8EA1900305D1D /* Feed.storyboard */; };
		3D7830F91FC8EA5100305D1D /* SettingsViewController.swift in Sources */ = {isa = PBXBuildFile; fileRef = 3D7830F81FC8EA5100305D1D /* SettingsViewController.swift */; };
		3D7830FD1FC8EC1900305D1D /* FeedTableViewController.swift in Sources */ = {isa = PBXBuildFile; fileRef = 3D7830FC1FC8EC1900305D1D /* FeedTableViewController.swift */; };
		3D7830FF1FC8EC5B00305D1D /* TravelsTableViewController.swift in Sources */ = {isa = PBXBuildFile; fileRef = 3D7830FE1FC8EC5B00305D1D /* TravelsTableViewController.swift */; };
		3D7F34CC1FC785330005129C /* GoogleService-Info.plist in Resources */ = {isa = PBXBuildFile; fileRef = 3D7F34CB1FC785330005129C /* GoogleService-Info.plist */; };
		3D979C861FC9A64700350C9E /* HealthKit.framework in Frameworks */ = {isa = PBXBuildFile; fileRef = 3D979C851FC9A64700350C9E /* HealthKit.framework */; };
		3D979C881FC9B89E00350C9E /* MapViewController.swift in Sources */ = {isa = PBXBuildFile; fileRef = 3D979C871FC9B89E00350C9E /* MapViewController.swift */; };
		3D979C8B1FC9BCAC00350C9E /* Scratchcard.storyboard in Resources */ = {isa = PBXBuildFile; fileRef = 3D979C8A1FC9BCAC00350C9E /* Scratchcard.storyboard */; };
		3D979C8D1FC9BCCC00350C9E /* ScratchcardViewController.swift in Sources */ = {isa = PBXBuildFile; fileRef = 3D979C8C1FC9BCCC00350C9E /* ScratchcardViewController.swift */; };
		58F635D632DE69D8F79A6C71 /* Pods_TravelDiscoveryTests.framework in Frameworks */ = {isa = PBXBuildFile; fileRef = F68A9D7ED9532E30AFC203B8 /* Pods_TravelDiscoveryTests.framework */; };
		81F7BF082CA64BC6DC302CF6 /* Pods_TravelDiscovery.framework in Frameworks */ = {isa = PBXBuildFile; fileRef = 59A094B9D15DD5382A747194 /* Pods_TravelDiscovery.framework */; };
		845157431FE161A400691E4E /* PinViewController.swift in Sources */ = {isa = PBXBuildFile; fileRef = 845157421FE161A400691E4E /* PinViewController.swift */; };
		8451574D1FEC2EC100691E4E /* PinTableViewCell.swift in Sources */ = {isa = PBXBuildFile; fileRef = 8451574C1FEC2EC100691E4E /* PinTableViewCell.swift */; };
		8451574F1FEC300C00691E4E /* PinTableViewCell.xib in Resources */ = {isa = PBXBuildFile; fileRef = 8451574E1FEC300C00691E4E /* PinTableViewCell.xib */; };
		845157511FEFCA9E00691E4E /* CustomAnnotationView.swift in Sources */ = {isa = PBXBuildFile; fileRef = 845157501FEFCA9E00691E4E /* CustomAnnotationView.swift */; };
		845157551FFD208900691E4E /* PinDetailView.storyboard in Resources */ = {isa = PBXBuildFile; fileRef = 845157541FFD208900691E4E /* PinDetailView.storyboard */; };
		845157571FFD3AC600691E4E /* PinDetailViewController.swift in Sources */ = {isa = PBXBuildFile; fileRef = 845157561FFD3AC600691E4E /* PinDetailViewController.swift */; };
		845157591FFD92A700691E4E /* Assets.xcassets in Resources */ = {isa = PBXBuildFile; fileRef = 845157581FFD92A600691E4E /* Assets.xcassets */; };
		84F5A7DD1FD5569900A885D0 /* CountriesDict.swift in Sources */ = {isa = PBXBuildFile; fileRef = 84F5A7DC1FD5569900A885D0 /* CountriesDict.swift */; };
		C2170F9C200050F50030DA4B /* CreditsViewController.swift in Sources */ = {isa = PBXBuildFile; fileRef = C2170F9B200050F50030DA4B /* CreditsViewController.swift */; };
		C21DFF351FD4B62F00B85EAD /* Pin.swift in Sources */ = {isa = PBXBuildFile; fileRef = C21DFF341FD4B62F00B85EAD /* Pin.swift */; };
		C21DFF371FD4BB2300B85EAD /* Travel.swift in Sources */ = {isa = PBXBuildFile; fileRef = C21DFF361FD4BB2300B85EAD /* Travel.swift */; };
		C26B89F81FDB236F00549D7D /* FirebaseData.swift in Sources */ = {isa = PBXBuildFile; fileRef = C26B89F71FDB236F00549D7D /* FirebaseData.swift */; };
		C26B89FB1FDB259900549D7D /* FirebaseController.swift in Sources */ = {isa = PBXBuildFile; fileRef = C26B89FA1FDB259900549D7D /* FirebaseController.swift */; };
		C276B8151FFEE95700F981DF /* Extensions.swift in Sources */ = {isa = PBXBuildFile; fileRef = C276B8141FFEE95700F981DF /* Extensions.swift */; };
		CE13B711200A5D0600D89AA5 /* TravelPinsTableViewController.swift in Sources */ = {isa = PBXBuildFile; fileRef = CE13B710200A5D0600D89AA5 /* TravelPinsTableViewController.swift */; };
		CE4356041FE9912B009E560C /* TravelDetailTableViewController.swift in Sources */ = {isa = PBXBuildFile; fileRef = CE4356031FE9912B009E560C /* TravelDetailTableViewController.swift */; };
		CE89CA28200AA041006FC32D /* TravelsTableViewCell.swift in Sources */ = {isa = PBXBuildFile; fileRef = CE89CA27200AA041006FC32D /* TravelsTableViewCell.swift */; };
/* End PBXBuildFile section */

/* Begin PBXContainerItemProxy section */
		3D21C0891FC4EA6F00F4DFC3 /* PBXContainerItemProxy */ = {
			isa = PBXContainerItemProxy;
			containerPortal = 3D21C06A1FC4EA6E00F4DFC3 /* Project object */;
			proxyType = 1;
			remoteGlobalIDString = 3D21C0711FC4EA6E00F4DFC3;
			remoteInfo = TravelDiscovery;
		};
/* End PBXContainerItemProxy section */

/* Begin PBXFileReference section */
		3D21C0721FC4EA6E00F4DFC3 /* TravelDiscovery.app */ = {isa = PBXFileReference; explicitFileType = wrapper.application; includeInIndex = 0; path = TravelDiscovery.app; sourceTree = BUILT_PRODUCTS_DIR; };
		3D21C0751FC4EA6E00F4DFC3 /* AppDelegate.swift */ = {isa = PBXFileReference; lastKnownFileType = sourcecode.swift; path = AppDelegate.swift; sourceTree = "<group>"; };
		3D21C07C1FC4EA6E00F4DFC3 /* Base */ = {isa = PBXFileReference; lastKnownFileType = file.storyboard; name = Base; path = Base.lproj/NavigationTabBar.storyboard; sourceTree = "<group>"; };
		3D21C0811FC4EA6E00F4DFC3 /* Base */ = {isa = PBXFileReference; lastKnownFileType = file.storyboard; name = Base; path = Base.lproj/LaunchScreen.storyboard; sourceTree = "<group>"; };
		3D21C0831FC4EA6E00F4DFC3 /* Info.plist */ = {isa = PBXFileReference; lastKnownFileType = text.plist.xml; path = Info.plist; sourceTree = "<group>"; };
		3D21C0881FC4EA6F00F4DFC3 /* TravelDiscoveryTests.xctest */ = {isa = PBXFileReference; explicitFileType = wrapper.cfbundle; includeInIndex = 0; path = TravelDiscoveryTests.xctest; sourceTree = BUILT_PRODUCTS_DIR; };
		3D21C08C1FC4EA6F00F4DFC3 /* TravelDiscoveryTests.swift */ = {isa = PBXFileReference; lastKnownFileType = sourcecode.swift; path = TravelDiscoveryTests.swift; sourceTree = "<group>"; };
		3D21C08E1FC4EA6F00F4DFC3 /* Info.plist */ = {isa = PBXFileReference; lastKnownFileType = text.plist.xml; path = Info.plist; sourceTree = "<group>"; };
		3D6762FF1FC6162600CFFF32 /* Login.storyboard */ = {isa = PBXFileReference; lastKnownFileType = file.storyboard; path = Login.storyboard; sourceTree = "<group>"; };
		3D6763011FC6163C00CFFF32 /* LoginViewController.swift */ = {isa = PBXFileReference; lastKnownFileType = sourcecode.swift; path = LoginViewController.swift; sourceTree = "<group>"; };
		3D6763061FC628EF00CFFF32 /* EmailSignUpViewController.swift */ = {isa = PBXFileReference; lastKnownFileType = sourcecode.swift; path = EmailSignUpViewController.swift; sourceTree = "<group>"; };
		3D6763081FC6292100CFFF32 /* EmailLoginViewController.swift */ = {isa = PBXFileReference; lastKnownFileType = sourcecode.swift; path = EmailLoginViewController.swift; sourceTree = "<group>"; };
		3D7830F01FC8E9EF00305D1D /* Settings.storyboard */ = {isa = PBXFileReference; lastKnownFileType = file.storyboard; path = Settings.storyboard; sourceTree = "<group>"; };
		3D7830F21FC8E9FD00305D1D /* Travels.storyboard */ = {isa = PBXFileReference; lastKnownFileType = file.storyboard; path = Travels.storyboard; sourceTree = "<group>"; };
		3D7830F41FC8EA0800305D1D /* Map.storyboard */ = {isa = PBXFileReference; lastKnownFileType = file.storyboard; path = Map.storyboard; sourceTree = "<group>"; };
		3D7830F61FC8EA1900305D1D /* Feed.storyboard */ = {isa = PBXFileReference; lastKnownFileType = file.storyboard; path = Feed.storyboard; sourceTree = "<group>"; };
		3D7830F81FC8EA5100305D1D /* SettingsViewController.swift */ = {isa = PBXFileReference; lastKnownFileType = sourcecode.swift; path = SettingsViewController.swift; sourceTree = "<group>"; };
		3D7830FC1FC8EC1900305D1D /* FeedTableViewController.swift */ = {isa = PBXFileReference; lastKnownFileType = sourcecode.swift; path = FeedTableViewController.swift; sourceTree = "<group>"; };
		3D7830FE1FC8EC5B00305D1D /* TravelsTableViewController.swift */ = {isa = PBXFileReference; lastKnownFileType = sourcecode.swift; path = TravelsTableViewController.swift; sourceTree = "<group>"; };
		3D7F34CB1FC785330005129C /* GoogleService-Info.plist */ = {isa = PBXFileReference; fileEncoding = 4; lastKnownFileType = text.plist.xml; path = "GoogleService-Info.plist"; sourceTree = "<group>"; };
		3D979C841FC9A64700350C9E /* TravelDiscovery.entitlements */ = {isa = PBXFileReference; lastKnownFileType = text.plist.entitlements; path = TravelDiscovery.entitlements; sourceTree = "<group>"; };
		3D979C851FC9A64700350C9E /* HealthKit.framework */ = {isa = PBXFileReference; lastKnownFileType = wrapper.framework; name = HealthKit.framework; path = System/Library/Frameworks/HealthKit.framework; sourceTree = SDKROOT; };
		3D979C871FC9B89E00350C9E /* MapViewController.swift */ = {isa = PBXFileReference; lastKnownFileType = sourcecode.swift; path = MapViewController.swift; sourceTree = "<group>"; };
		3D979C8A1FC9BCAC00350C9E /* Scratchcard.storyboard */ = {isa = PBXFileReference; lastKnownFileType = file.storyboard; path = Scratchcard.storyboard; sourceTree = "<group>"; };
		3D979C8C1FC9BCCC00350C9E /* ScratchcardViewController.swift */ = {isa = PBXFileReference; lastKnownFileType = sourcecode.swift; path = ScratchcardViewController.swift; sourceTree = "<group>"; };
		4788F5809283A9294A57339F /* Pods-TravelDiscovery.debug.xcconfig */ = {isa = PBXFileReference; includeInIndex = 1; lastKnownFileType = text.xcconfig; name = "Pods-TravelDiscovery.debug.xcconfig"; path = "Pods/Target Support Files/Pods-TravelDiscovery/Pods-TravelDiscovery.debug.xcconfig"; sourceTree = "<group>"; };
		4BEB1DD982A34EBDA546EB93 /* Pods-TravelDiscoveryTests.release.xcconfig */ = {isa = PBXFileReference; includeInIndex = 1; lastKnownFileType = text.xcconfig; name = "Pods-TravelDiscoveryTests.release.xcconfig"; path = "Pods/Target Support Files/Pods-TravelDiscoveryTests/Pods-TravelDiscoveryTests.release.xcconfig"; sourceTree = "<group>"; };
		59A094B9D15DD5382A747194 /* Pods_TravelDiscovery.framework */ = {isa = PBXFileReference; explicitFileType = wrapper.framework; includeInIndex = 0; path = Pods_TravelDiscovery.framework; sourceTree = BUILT_PRODUCTS_DIR; };
		845157421FE161A400691E4E /* PinViewController.swift */ = {isa = PBXFileReference; lastKnownFileType = sourcecode.swift; path = PinViewController.swift; sourceTree = "<group>"; };
		8451574C1FEC2EC100691E4E /* PinTableViewCell.swift */ = {isa = PBXFileReference; lastKnownFileType = sourcecode.swift; path = PinTableViewCell.swift; sourceTree = "<group>"; };
		8451574E1FEC300C00691E4E /* PinTableViewCell.xib */ = {isa = PBXFileReference; lastKnownFileType = file.xib; path = PinTableViewCell.xib; sourceTree = "<group>"; };
		845157501FEFCA9E00691E4E /* CustomAnnotationView.swift */ = {isa = PBXFileReference; lastKnownFileType = sourcecode.swift; path = CustomAnnotationView.swift; sourceTree = "<group>"; };
		845157541FFD208900691E4E /* PinDetailView.storyboard */ = {isa = PBXFileReference; lastKnownFileType = file.storyboard; path = PinDetailView.storyboard; sourceTree = "<group>"; };
		845157561FFD3AC600691E4E /* PinDetailViewController.swift */ = {isa = PBXFileReference; lastKnownFileType = sourcecode.swift; path = PinDetailViewController.swift; sourceTree = "<group>"; };
		845157581FFD92A600691E4E /* Assets.xcassets */ = {isa = PBXFileReference; lastKnownFileType = folder.assetcatalog; name = Assets.xcassets; path = TravelDiscovery/Assets.xcassets; sourceTree = SOURCE_ROOT; };
		84F5A7DC1FD5569900A885D0 /* CountriesDict.swift */ = {isa = PBXFileReference; lastKnownFileType = sourcecode.swift; path = CountriesDict.swift; sourceTree = "<group>"; };
		BC819D78A77B0BE93C4145D9 /* Pods-TravelDiscoveryTests.debug.xcconfig */ = {isa = PBXFileReference; includeInIndex = 1; lastKnownFileType = text.xcconfig; name = "Pods-TravelDiscoveryTests.debug.xcconfig"; path = "Pods/Target Support Files/Pods-TravelDiscoveryTests/Pods-TravelDiscoveryTests.debug.xcconfig"; sourceTree = "<group>"; };
		C2170F9B200050F50030DA4B /* CreditsViewController.swift */ = {isa = PBXFileReference; lastKnownFileType = sourcecode.swift; path = CreditsViewController.swift; sourceTree = "<group>"; };
		C21DFF341FD4B62F00B85EAD /* Pin.swift */ = {isa = PBXFileReference; lastKnownFileType = sourcecode.swift; path = Pin.swift; sourceTree = "<group>"; };
		C21DFF361FD4BB2300B85EAD /* Travel.swift */ = {isa = PBXFileReference; lastKnownFileType = sourcecode.swift; path = Travel.swift; sourceTree = "<group>"; };
		C26B89F71FDB236F00549D7D /* FirebaseData.swift */ = {isa = PBXFileReference; lastKnownFileType = sourcecode.swift; path = FirebaseData.swift; sourceTree = "<group>"; };
		C26B89FA1FDB259900549D7D /* FirebaseController.swift */ = {isa = PBXFileReference; lastKnownFileType = sourcecode.swift; path = FirebaseController.swift; sourceTree = "<group>"; };
		C276B8141FFEE95700F981DF /* Extensions.swift */ = {isa = PBXFileReference; lastKnownFileType = sourcecode.swift; path = Extensions.swift; sourceTree = "<group>"; };
		CE13B710200A5D0600D89AA5 /* TravelPinsTableViewController.swift */ = {isa = PBXFileReference; lastKnownFileType = sourcecode.swift; path = TravelPinsTableViewController.swift; sourceTree = "<group>"; };
		CE4356031FE9912B009E560C /* TravelDetailTableViewController.swift */ = {isa = PBXFileReference; lastKnownFileType = sourcecode.swift; path = TravelDetailTableViewController.swift; sourceTree = "<group>"; };
		CE89CA27200AA041006FC32D /* TravelsTableViewCell.swift */ = {isa = PBXFileReference; fileEncoding = 4; lastKnownFileType = sourcecode.swift; path = TravelsTableViewCell.swift; sourceTree = "<group>"; };
		F68A9D7ED9532E30AFC203B8 /* Pods_TravelDiscoveryTests.framework */ = {isa = PBXFileReference; explicitFileType = wrapper.framework; includeInIndex = 0; path = Pods_TravelDiscoveryTests.framework; sourceTree = BUILT_PRODUCTS_DIR; };
		FC9C25524CA74ED489C2405E /* Pods-TravelDiscovery.release.xcconfig */ = {isa = PBXFileReference; includeInIndex = 1; lastKnownFileType = text.xcconfig; name = "Pods-TravelDiscovery.release.xcconfig"; path = "Pods/Target Support Files/Pods-TravelDiscovery/Pods-TravelDiscovery.release.xcconfig"; sourceTree = "<group>"; };
/* End PBXFileReference section */

/* Begin PBXFrameworksBuildPhase section */
		3D21C06F1FC4EA6E00F4DFC3 /* Frameworks */ = {
			isa = PBXFrameworksBuildPhase;
			buildActionMask = 2147483647;
			files = (
				81F7BF082CA64BC6DC302CF6 /* Pods_TravelDiscovery.framework in Frameworks */,
				3D979C861FC9A64700350C9E /* HealthKit.framework in Frameworks */,
			);
			runOnlyForDeploymentPostprocessing = 0;
		};
		3D21C0851FC4EA6F00F4DFC3 /* Frameworks */ = {
			isa = PBXFrameworksBuildPhase;
			buildActionMask = 2147483647;
			files = (
				58F635D632DE69D8F79A6C71 /* Pods_TravelDiscoveryTests.framework in Frameworks */,
			);
			runOnlyForDeploymentPostprocessing = 0;
		};
/* End PBXFrameworksBuildPhase section */

/* Begin PBXGroup section */
		3D21C0691FC4EA6E00F4DFC3 = {
			isa = PBXGroup;
			children = (
				3D21C0741FC4EA6E00F4DFC3 /* TravelDiscovery */,
				3D21C08B1FC4EA6F00F4DFC3 /* TravelDiscoveryTests */,
				3D21C0731FC4EA6E00F4DFC3 /* Products */,
				D57B6B57FCD317547B91EAFA /* Pods */,
				7910EB6D0195B8B0018569E2 /* Frameworks */,
			);
			sourceTree = "<group>";
		};
		3D21C0731FC4EA6E00F4DFC3 /* Products */ = {
			isa = PBXGroup;
			children = (
				3D21C0721FC4EA6E00F4DFC3 /* TravelDiscovery.app */,
				3D21C0881FC4EA6F00F4DFC3 /* TravelDiscoveryTests.xctest */,
			);
			name = Products;
			sourceTree = "<group>";
		};
		3D21C0741FC4EA6E00F4DFC3 /* TravelDiscovery */ = {
			isa = PBXGroup;
			children = (
				C26B89F91FDB258300549D7D /* Firebase */,
				C21DFF331FD4B60E00B85EAD /* DataModels */,
				3D979C891FC9BC6A00350C9E /* Scratchcard */,
				3D7831021FC8ED1600305D1D /* Navigation */,
				3D7830EF1FC8E9C700305D1D /* Settings */,
				3D7830EE1FC8E9BF00305D1D /* Feed */,
				3D7830ED1FC8E99A00305D1D /* Travels */,
				8451573F1FE160EE00691E4E /* Pin */,
				3D7830EC1FC8E98600305D1D /* Map */,
				3D6762FE1FC6161900CFFF32 /* Login */,
				3D21C0751FC4EA6E00F4DFC3 /* AppDelegate.swift */,
				845157581FFD92A600691E4E /* Assets.xcassets */,
				3D21C0801FC4EA6E00F4DFC3 /* LaunchScreen.storyboard */,
				3D21C0831FC4EA6E00F4DFC3 /* Info.plist */,
				3D7F34CB1FC785330005129C /* GoogleService-Info.plist */,
				3D979C841FC9A64700350C9E /* TravelDiscovery.entitlements */,
			);
			path = TravelDiscovery;
			sourceTree = "<group>";
		};
		3D21C08B1FC4EA6F00F4DFC3 /* TravelDiscoveryTests */ = {
			isa = PBXGroup;
			children = (
				3D21C08C1FC4EA6F00F4DFC3 /* TravelDiscoveryTests.swift */,
				3D21C08E1FC4EA6F00F4DFC3 /* Info.plist */,
			);
			path = TravelDiscoveryTests;
			sourceTree = "<group>";
		};
		3D6762FE1FC6161900CFFF32 /* Login */ = {
			isa = PBXGroup;
			children = (
				3D6762FF1FC6162600CFFF32 /* Login.storyboard */,
				3D6763011FC6163C00CFFF32 /* LoginViewController.swift */,
				3D6763061FC628EF00CFFF32 /* EmailSignUpViewController.swift */,
				3D6763081FC6292100CFFF32 /* EmailLoginViewController.swift */,
			);
			path = Login;
			sourceTree = "<group>";
		};
		3D7830EC1FC8E98600305D1D /* Map */ = {
			isa = PBXGroup;
			children = (
				3D7830F41FC8EA0800305D1D /* Map.storyboard */,
				3D979C871FC9B89E00350C9E /* MapViewController.swift */,
			);
			path = Map;
			sourceTree = "<group>";
		};
		3D7830ED1FC8E99A00305D1D /* Travels */ = {
			isa = PBXGroup;
			children = (
				3D7830FE1FC8EC5B00305D1D /* TravelsTableViewController.swift */,
				CE4356031FE9912B009E560C /* TravelDetailTableViewController.swift */,
				3D7830F21FC8E9FD00305D1D /* Travels.storyboard */,
				CE13B710200A5D0600D89AA5 /* TravelPinsTableViewController.swift */,
				CE89CA27200AA041006FC32D /* TravelsTableViewCell.swift */,
			);
			path = Travels;
			sourceTree = "<group>";
		};
		3D7830EE1FC8E9BF00305D1D /* Feed */ = {
			isa = PBXGroup;
			children = (
				3D7830F61FC8EA1900305D1D /* Feed.storyboard */,
				3D7830FC1FC8EC1900305D1D /* FeedTableViewController.swift */,
			);
			path = Feed;
			sourceTree = "<group>";
		};
		3D7830EF1FC8E9C700305D1D /* Settings */ = {
			isa = PBXGroup;
			children = (
				3D7830F01FC8E9EF00305D1D /* Settings.storyboard */,
				3D7830F81FC8EA5100305D1D /* SettingsViewController.swift */,
				C2170F9B200050F50030DA4B /* CreditsViewController.swift */,
			);
			path = Settings;
			sourceTree = "<group>";
		};
		3D7831021FC8ED1600305D1D /* Navigation */ = {
			isa = PBXGroup;
			children = (
				3D21C07B1FC4EA6E00F4DFC3 /* NavigationTabBar.storyboard */,
			);
			path = Navigation;
			sourceTree = "<group>";
		};
		3D979C891FC9BC6A00350C9E /* Scratchcard */ = {
			isa = PBXGroup;
			children = (
				3D979C8A1FC9BCAC00350C9E /* Scratchcard.storyboard */,
				3D979C8C1FC9BCCC00350C9E /* ScratchcardViewController.swift */,
			);
			path = Scratchcard;
			sourceTree = "<group>";
		};
		7910EB6D0195B8B0018569E2 /* Frameworks */ = {
			isa = PBXGroup;
			children = (
				3D979C851FC9A64700350C9E /* HealthKit.framework */,
				59A094B9D15DD5382A747194 /* Pods_TravelDiscovery.framework */,
				F68A9D7ED9532E30AFC203B8 /* Pods_TravelDiscoveryTests.framework */,
			);
			name = Frameworks;
			sourceTree = "<group>";
		};
		8451573F1FE160EE00691E4E /* Pin */ = {
			isa = PBXGroup;
			children = (
				845157421FE161A400691E4E /* PinViewController.swift */,
				845157561FFD3AC600691E4E /* PinDetailViewController.swift */,
				845157541FFD208900691E4E /* PinDetailView.storyboard */,
				8451574C1FEC2EC100691E4E /* PinTableViewCell.swift */,
				8451574E1FEC300C00691E4E /* PinTableViewCell.xib */,
				845157501FEFCA9E00691E4E /* CustomAnnotationView.swift */,
			);
			path = Pin;
			sourceTree = "<group>";
		};
		C21DFF331FD4B60E00B85EAD /* DataModels */ = {
			isa = PBXGroup;
			children = (
				C21DFF341FD4B62F00B85EAD /* Pin.swift */,
				84F5A7DC1FD5569900A885D0 /* CountriesDict.swift */,
				C21DFF361FD4BB2300B85EAD /* Travel.swift */,
				C276B8141FFEE95700F981DF /* Extensions.swift */,
			);
			path = DataModels;
			sourceTree = "<group>";
		};
		C26B89F91FDB258300549D7D /* Firebase */ = {
			isa = PBXGroup;
			children = (
				C26B89F71FDB236F00549D7D /* FirebaseData.swift */,
				C26B89FA1FDB259900549D7D /* FirebaseController.swift */,
			);
			path = Firebase;
			sourceTree = "<group>";
		};
		D57B6B57FCD317547B91EAFA /* Pods */ = {
			isa = PBXGroup;
			children = (
				4788F5809283A9294A57339F /* Pods-TravelDiscovery.debug.xcconfig */,
				FC9C25524CA74ED489C2405E /* Pods-TravelDiscovery.release.xcconfig */,
				BC819D78A77B0BE93C4145D9 /* Pods-TravelDiscoveryTests.debug.xcconfig */,
				4BEB1DD982A34EBDA546EB93 /* Pods-TravelDiscoveryTests.release.xcconfig */,
			);
			name = Pods;
			sourceTree = "<group>";
		};
/* End PBXGroup section */

/* Begin PBXNativeTarget section */
		3D21C0711FC4EA6E00F4DFC3 /* TravelDiscovery */ = {
			isa = PBXNativeTarget;
			buildConfigurationList = 3D21C0911FC4EA6F00F4DFC3 /* Build configuration list for PBXNativeTarget "TravelDiscovery" */;
			buildPhases = (
				A526700BCFB7E9EC2D51C495 /* [CP] Check Pods Manifest.lock */,
				3D21C06E1FC4EA6E00F4DFC3 /* Sources */,
				3D21C06F1FC4EA6E00F4DFC3 /* Frameworks */,
				3D21C0701FC4EA6E00F4DFC3 /* Resources */,
				0FF3B85F5056E75EB9D124BC /* [CP] Embed Pods Frameworks */,
				7F353817DB513A865AF30938 /* [CP] Copy Pods Resources */,
			);
			buildRules = (
			);
			dependencies = (
			);
			name = TravelDiscovery;
			productName = TravelDiscovery;
			productReference = 3D21C0721FC4EA6E00F4DFC3 /* TravelDiscovery.app */;
			productType = "com.apple.product-type.application";
		};
		3D21C0871FC4EA6F00F4DFC3 /* TravelDiscoveryTests */ = {
			isa = PBXNativeTarget;
			buildConfigurationList = 3D21C0941FC4EA6F00F4DFC3 /* Build configuration list for PBXNativeTarget "TravelDiscoveryTests" */;
			buildPhases = (
				AA07A24CC3046C2DC406F58F /* [CP] Check Pods Manifest.lock */,
				3D21C0841FC4EA6F00F4DFC3 /* Sources */,
				3D21C0851FC4EA6F00F4DFC3 /* Frameworks */,
				3D21C0861FC4EA6F00F4DFC3 /* Resources */,
				2D01889C3B8AA8F2756A85EC /* [CP] Embed Pods Frameworks */,
				7042125FCFAAF770761DEAE1 /* [CP] Copy Pods Resources */,
			);
			buildRules = (
			);
			dependencies = (
				3D21C08A1FC4EA6F00F4DFC3 /* PBXTargetDependency */,
			);
			name = TravelDiscoveryTests;
			productName = TravelDiscoveryTests;
			productReference = 3D21C0881FC4EA6F00F4DFC3 /* TravelDiscoveryTests.xctest */;
			productType = "com.apple.product-type.bundle.unit-test";
		};
/* End PBXNativeTarget section */

/* Begin PBXProject section */
		3D21C06A1FC4EA6E00F4DFC3 /* Project object */ = {
			isa = PBXProject;
			attributes = {
				LastSwiftUpdateCheck = 0910;
				LastUpgradeCheck = 0910;
				ORGANIZATIONNAME = Jan;
				TargetAttributes = {
					3D21C0711FC4EA6E00F4DFC3 = {
						CreatedOnToolsVersion = 9.1;
						ProvisioningStyle = Automatic;
						SystemCapabilities = {
							com.apple.BackgroundModes = {
								enabled = 1;
							};
							com.apple.HealthKit = {
								enabled = 1;
							};
						};
					};
					3D21C0871FC4EA6F00F4DFC3 = {
						CreatedOnToolsVersion = 9.1;
						ProvisioningStyle = Automatic;
						TestTargetID = 3D21C0711FC4EA6E00F4DFC3;
					};
				};
			};
			buildConfigurationList = 3D21C06D1FC4EA6E00F4DFC3 /* Build configuration list for PBXProject "TravelDiscovery" */;
			compatibilityVersion = "Xcode 8.0";
			developmentRegion = en;
			hasScannedForEncodings = 0;
			knownRegions = (
				en,
				Base,
			);
			mainGroup = 3D21C0691FC4EA6E00F4DFC3;
			productRefGroup = 3D21C0731FC4EA6E00F4DFC3 /* Products */;
			projectDirPath = "";
			projectRoot = "";
			targets = (
				3D21C0711FC4EA6E00F4DFC3 /* TravelDiscovery */,
				3D21C0871FC4EA6F00F4DFC3 /* TravelDiscoveryTests */,
			);
		};
/* End PBXProject section */

/* Begin PBXResourcesBuildPhase section */
		3D21C0701FC4EA6E00F4DFC3 /* Resources */ = {
			isa = PBXResourcesBuildPhase;
			buildActionMask = 2147483647;
			files = (
				3D21C0821FC4EA6E00F4DFC3 /* LaunchScreen.storyboard in Resources */,
				3D7830F71FC8EA1900305D1D /* Feed.storyboard in Resources */,
				3D7F34CC1FC785330005129C /* GoogleService-Info.plist in Resources */,
				845157551FFD208900691E4E /* PinDetailView.storyboard in Resources */,
				3D7830F51FC8EA0800305D1D /* Map.storyboard in Resources */,
				3D979C8B1FC9BCAC00350C9E /* Scratchcard.storyboard in Resources */,
				3D7830F11FC8E9EF00305D1D /* Settings.storyboard in Resources */,
				3D6763001FC6162600CFFF32 /* Login.storyboard in Resources */,
				3D21C07D1FC4EA6E00F4DFC3 /* NavigationTabBar.storyboard in Resources */,
				8451574F1FEC300C00691E4E /* PinTableViewCell.xib in Resources */,
				845157591FFD92A700691E4E /* Assets.xcassets in Resources */,
				3D7830F31FC8E9FD00305D1D /* Travels.storyboard in Resources */,
			);
			runOnlyForDeploymentPostprocessing = 0;
		};
		3D21C0861FC4EA6F00F4DFC3 /* Resources */ = {
			isa = PBXResourcesBuildPhase;
			buildActionMask = 2147483647;
			files = (
			);
			runOnlyForDeploymentPostprocessing = 0;
		};
/* End PBXResourcesBuildPhase section */

/* Begin PBXShellScriptBuildPhase section */
		0FF3B85F5056E75EB9D124BC /* [CP] Embed Pods Frameworks */ = {
			isa = PBXShellScriptBuildPhase;
			buildActionMask = 2147483647;
			files = (
			);
			inputPaths = (
				"${SRCROOT}/Pods/Target Support Files/Pods-TravelDiscovery/Pods-TravelDiscovery-frameworks.sh",
				"${BUILT_PRODUCTS_DIR}/Eureka/Eureka.framework",
				"${BUILT_PRODUCTS_DIR}/GSMessages/GSMessages.framework",
				"${BUILT_PRODUCTS_DIR}/GTMSessionFetcher/GTMSessionFetcher.framework",
				"${BUILT_PRODUCTS_DIR}/GoogleToolboxForMac/GoogleToolboxForMac.framework",
				"${BUILT_PRODUCTS_DIR}/ImagePicker/ImagePicker.framework",
				"${PODS_ROOT}/Mapbox-iOS-SDK/dynamic/Mapbox.framework",
				"${PODS_ROOT}/Mapbox-iOS-SDK/dynamic/Mapbox.framework.dSYM",
				"${BUILT_PRODUCTS_DIR}/ScratchCard/ScratchCard.framework",
				"${BUILT_PRODUCTS_DIR}/SwiftLocation/SwiftLocation.framework",
				"${BUILT_PRODUCTS_DIR}/SwiftPhotoGallery/SwiftPhotoGallery.framework",
				"${BUILT_PRODUCTS_DIR}/SwiftyJSON/SwiftyJSON.framework",
				"${BUILT_PRODUCTS_DIR}/leveldb-library/leveldb.framework",
				"${BUILT_PRODUCTS_DIR}/nanopb/nanopb.framework",
			);
			name = "[CP] Embed Pods Frameworks";
			outputPaths = (
				"${TARGET_BUILD_DIR}/${FRAMEWORKS_FOLDER_PATH}/Eureka.framework",
				"${TARGET_BUILD_DIR}/${FRAMEWORKS_FOLDER_PATH}/GSMessages.framework",
				"${TARGET_BUILD_DIR}/${FRAMEWORKS_FOLDER_PATH}/GTMSessionFetcher.framework",
				"${TARGET_BUILD_DIR}/${FRAMEWORKS_FOLDER_PATH}/GoogleToolboxForMac.framework",
				"${TARGET_BUILD_DIR}/${FRAMEWORKS_FOLDER_PATH}/ImagePicker.framework",
				"${TARGET_BUILD_DIR}/${FRAMEWORKS_FOLDER_PATH}/Mapbox.framework",
				"${DWARF_DSYM_FOLDER_PATH}/Mapbox.framework.dSYM",
				"${TARGET_BUILD_DIR}/${FRAMEWORKS_FOLDER_PATH}/ScratchCard.framework",
				"${TARGET_BUILD_DIR}/${FRAMEWORKS_FOLDER_PATH}/SwiftLocation.framework",
				"${TARGET_BUILD_DIR}/${FRAMEWORKS_FOLDER_PATH}/SwiftPhotoGallery.framework",
				"${TARGET_BUILD_DIR}/${FRAMEWORKS_FOLDER_PATH}/SwiftyJSON.framework",
				"${TARGET_BUILD_DIR}/${FRAMEWORKS_FOLDER_PATH}/leveldb.framework",
				"${TARGET_BUILD_DIR}/${FRAMEWORKS_FOLDER_PATH}/nanopb.framework",
			);
			runOnlyForDeploymentPostprocessing = 0;
			shellPath = /bin/sh;
			shellScript = "\"${SRCROOT}/Pods/Target Support Files/Pods-TravelDiscovery/Pods-TravelDiscovery-frameworks.sh\"\n";
			showEnvVarsInLog = 0;
		};
		2D01889C3B8AA8F2756A85EC /* [CP] Embed Pods Frameworks */ = {
			isa = PBXShellScriptBuildPhase;
			buildActionMask = 2147483647;
			files = (
			);
			inputPaths = (
			);
			name = "[CP] Embed Pods Frameworks";
			outputPaths = (
			);
			runOnlyForDeploymentPostprocessing = 0;
			shellPath = /bin/sh;
			shellScript = "\"${SRCROOT}/Pods/Target Support Files/Pods-TravelDiscoveryTests/Pods-TravelDiscoveryTests-frameworks.sh\"\n";
			showEnvVarsInLog = 0;
		};
		7042125FCFAAF770761DEAE1 /* [CP] Copy Pods Resources */ = {
			isa = PBXShellScriptBuildPhase;
			buildActionMask = 2147483647;
			files = (
			);
			inputPaths = (
			);
			name = "[CP] Copy Pods Resources";
			outputPaths = (
			);
			runOnlyForDeploymentPostprocessing = 0;
			shellPath = /bin/sh;
			shellScript = "\"${SRCROOT}/Pods/Target Support Files/Pods-TravelDiscoveryTests/Pods-TravelDiscoveryTests-resources.sh\"\n";
			showEnvVarsInLog = 0;
		};
		7F353817DB513A865AF30938 /* [CP] Copy Pods Resources */ = {
			isa = PBXShellScriptBuildPhase;
			buildActionMask = 2147483647;
			files = (
			);
			inputPaths = (
				"${SRCROOT}/Pods/Target Support Files/Pods-TravelDiscovery/Pods-TravelDiscovery-resources.sh",
				$PODS_CONFIGURATION_BUILD_DIR/FirebaseUI/FirebaseAuthUI.bundle,
				$PODS_CONFIGURATION_BUILD_DIR/FirebaseUI/FirebaseFacebookAuthUI.bundle,
				$PODS_CONFIGURATION_BUILD_DIR/FirebaseUI/FirebaseGoogleAuthUI.bundle,
				$PODS_CONFIGURATION_BUILD_DIR/FirebaseUI/FirebasePhoneAuthUI.bundle,
				$PODS_CONFIGURATION_BUILD_DIR/FirebaseUI/FirebaseTwitterAuthUI.bundle,
				"${PODS_ROOT}/GoogleSignIn/Resources/GoogleSignIn.bundle",
				"${PODS_ROOT}/TwitterKit/iOS/TwitterKit.framework/TwitterKitResources.bundle",
				"${PODS_ROOT}/TwitterKit/iOS/TwitterKit.framework/TwitterShareExtensionUIResources.bundle",
			);
			name = "[CP] Copy Pods Resources";
			outputPaths = (
				"${TARGET_BUILD_DIR}/${UNLOCALIZED_RESOURCES_FOLDER_PATH}",
			);
			runOnlyForDeploymentPostprocessing = 0;
			shellPath = /bin/sh;
			shellScript = "\"${SRCROOT}/Pods/Target Support Files/Pods-TravelDiscovery/Pods-TravelDiscovery-resources.sh\"\n";
			showEnvVarsInLog = 0;
		};
		A526700BCFB7E9EC2D51C495 /* [CP] Check Pods Manifest.lock */ = {
			isa = PBXShellScriptBuildPhase;
			buildActionMask = 2147483647;
			files = (
			);
			inputPaths = (
				"${PODS_PODFILE_DIR_PATH}/Podfile.lock",
				"${PODS_ROOT}/Manifest.lock",
			);
			name = "[CP] Check Pods Manifest.lock";
			outputPaths = (
				"$(DERIVED_FILE_DIR)/Pods-TravelDiscovery-checkManifestLockResult.txt",
			);
			runOnlyForDeploymentPostprocessing = 0;
			shellPath = /bin/sh;
			shellScript = "diff \"${PODS_PODFILE_DIR_PATH}/Podfile.lock\" \"${PODS_ROOT}/Manifest.lock\" > /dev/null\nif [ $? != 0 ] ; then\n    # print error to STDERR\n    echo \"error: The sandbox is not in sync with the Podfile.lock. Run 'pod install' or update your CocoaPods installation.\" >&2\n    exit 1\nfi\n# This output is used by Xcode 'outputs' to avoid re-running this script phase.\necho \"SUCCESS\" > \"${SCRIPT_OUTPUT_FILE_0}\"\n";
			showEnvVarsInLog = 0;
		};
		AA07A24CC3046C2DC406F58F /* [CP] Check Pods Manifest.lock */ = {
			isa = PBXShellScriptBuildPhase;
			buildActionMask = 2147483647;
			files = (
			);
			inputPaths = (
				"${PODS_PODFILE_DIR_PATH}/Podfile.lock",
				"${PODS_ROOT}/Manifest.lock",
			);
			name = "[CP] Check Pods Manifest.lock";
			outputPaths = (
				"$(DERIVED_FILE_DIR)/Pods-TravelDiscoveryTests-checkManifestLockResult.txt",
			);
			runOnlyForDeploymentPostprocessing = 0;
			shellPath = /bin/sh;
			shellScript = "diff \"${PODS_PODFILE_DIR_PATH}/Podfile.lock\" \"${PODS_ROOT}/Manifest.lock\" > /dev/null\nif [ $? != 0 ] ; then\n    # print error to STDERR\n    echo \"error: The sandbox is not in sync with the Podfile.lock. Run 'pod install' or update your CocoaPods installation.\" >&2\n    exit 1\nfi\n# This output is used by Xcode 'outputs' to avoid re-running this script phase.\necho \"SUCCESS\" > \"${SCRIPT_OUTPUT_FILE_0}\"\n";
			showEnvVarsInLog = 0;
		};
/* End PBXShellScriptBuildPhase section */

/* Begin PBXSourcesBuildPhase section */
		3D21C06E1FC4EA6E00F4DFC3 /* Sources */ = {
			isa = PBXSourcesBuildPhase;
			buildActionMask = 2147483647;
			files = (
				C26B89FB1FDB259900549D7D /* FirebaseController.swift in Sources */,
				C26B89F81FDB236F00549D7D /* FirebaseData.swift in Sources */,
				3D6763021FC6163C00CFFF32 /* LoginViewController.swift in Sources */,
				C21DFF351FD4B62F00B85EAD /* Pin.swift in Sources */,
				3D6763091FC6292100CFFF32 /* EmailLoginViewController.swift in Sources */,
				3D7830F91FC8EA5100305D1D /* SettingsViewController.swift in Sources */,
				845157431FE161A400691E4E /* PinViewController.swift in Sources */,
				C2170F9C200050F50030DA4B /* CreditsViewController.swift in Sources */,
				845157571FFD3AC600691E4E /* PinDetailViewController.swift in Sources */,
				C276B8151FFEE95700F981DF /* Extensions.swift in Sources */,
				3D7830FD1FC8EC1900305D1D /* FeedTableViewController.swift in Sources */,
				CE89CA28200AA041006FC32D /* TravelsTableViewCell.swift in Sources */,
				3D7830FF1FC8EC5B00305D1D /* TravelsTableViewController.swift in Sources */,
				845157511FEFCA9E00691E4E /* CustomAnnotationView.swift in Sources */,
				8451574D1FEC2EC100691E4E /* PinTableViewCell.swift in Sources */,
				3D21C0761FC4EA6E00F4DFC3 /* AppDelegate.swift in Sources */,
				3D979C8D1FC9BCCC00350C9E /* ScratchcardViewController.swift in Sources */,
				CE13B711200A5D0600D89AA5 /* TravelPinsTableViewController.swift in Sources */,
				C21DFF371FD4BB2300B85EAD /* Travel.swift in Sources */,
				3D6763071FC628EF00CFFF32 /* EmailSignUpViewController.swift in Sources */,
				84F5A7DD1FD5569900A885D0 /* CountriesDict.swift in Sources */,
				3D979C881FC9B89E00350C9E /* MapViewController.swift in Sources */,
				CE4356041FE9912B009E560C /* TravelDetailTableViewController.swift in Sources */,
			);
			runOnlyForDeploymentPostprocessing = 0;
		};
		3D21C0841FC4EA6F00F4DFC3 /* Sources */ = {
			isa = PBXSourcesBuildPhase;
			buildActionMask = 2147483647;
			files = (
				3D21C08D1FC4EA6F00F4DFC3 /* TravelDiscoveryTests.swift in Sources */,
			);
			runOnlyForDeploymentPostprocessing = 0;
		};
/* End PBXSourcesBuildPhase section */

/* Begin PBXTargetDependency section */
		3D21C08A1FC4EA6F00F4DFC3 /* PBXTargetDependency */ = {
			isa = PBXTargetDependency;
			target = 3D21C0711FC4EA6E00F4DFC3 /* TravelDiscovery */;
			targetProxy = 3D21C0891FC4EA6F00F4DFC3 /* PBXContainerItemProxy */;
		};
/* End PBXTargetDependency section */

/* Begin PBXVariantGroup section */
		3D21C07B1FC4EA6E00F4DFC3 /* NavigationTabBar.storyboard */ = {
			isa = PBXVariantGroup;
			children = (
				3D21C07C1FC4EA6E00F4DFC3 /* Base */,
			);
			name = NavigationTabBar.storyboard;
			sourceTree = "<group>";
		};
		3D21C0801FC4EA6E00F4DFC3 /* LaunchScreen.storyboard */ = {
			isa = PBXVariantGroup;
			children = (
				3D21C0811FC4EA6E00F4DFC3 /* Base */,
			);
			name = LaunchScreen.storyboard;
			sourceTree = "<group>";
		};
/* End PBXVariantGroup section */

/* Begin XCBuildConfiguration section */
		3D21C08F1FC4EA6F00F4DFC3 /* Debug */ = {
			isa = XCBuildConfiguration;
			buildSettings = {
				ALWAYS_SEARCH_USER_PATHS = NO;
				CLANG_ANALYZER_NONNULL = YES;
				CLANG_ANALYZER_NUMBER_OBJECT_CONVERSION = YES_AGGRESSIVE;
				CLANG_CXX_LANGUAGE_STANDARD = "gnu++14";
				CLANG_CXX_LIBRARY = "libc++";
				CLANG_ENABLE_MODULES = YES;
				CLANG_ENABLE_OBJC_ARC = YES;
				CLANG_WARN_BLOCK_CAPTURE_AUTORELEASING = YES;
				CLANG_WARN_BOOL_CONVERSION = YES;
				CLANG_WARN_COMMA = YES;
				CLANG_WARN_CONSTANT_CONVERSION = YES;
				CLANG_WARN_DIRECT_OBJC_ISA_USAGE = YES_ERROR;
				CLANG_WARN_DOCUMENTATION_COMMENTS = YES;
				CLANG_WARN_EMPTY_BODY = YES;
				CLANG_WARN_ENUM_CONVERSION = YES;
				CLANG_WARN_INFINITE_RECURSION = YES;
				CLANG_WARN_INT_CONVERSION = YES;
				CLANG_WARN_NON_LITERAL_NULL_CONVERSION = YES;
				CLANG_WARN_OBJC_LITERAL_CONVERSION = YES;
				CLANG_WARN_OBJC_ROOT_CLASS = YES_ERROR;
				CLANG_WARN_RANGE_LOOP_ANALYSIS = YES;
				CLANG_WARN_STRICT_PROTOTYPES = YES;
				CLANG_WARN_SUSPICIOUS_MOVE = YES;
				CLANG_WARN_UNGUARDED_AVAILABILITY = YES_AGGRESSIVE;
				CLANG_WARN_UNREACHABLE_CODE = YES;
				CLANG_WARN__DUPLICATE_METHOD_MATCH = YES;
				CODE_SIGN_IDENTITY = "iPhone Developer";
				COPY_PHASE_STRIP = NO;
				DEBUG_INFORMATION_FORMAT = dwarf;
				ENABLE_STRICT_OBJC_MSGSEND = YES;
				ENABLE_TESTABILITY = YES;
				GCC_C_LANGUAGE_STANDARD = gnu11;
				GCC_DYNAMIC_NO_PIC = NO;
				GCC_NO_COMMON_BLOCKS = YES;
				GCC_OPTIMIZATION_LEVEL = 0;
				GCC_PREPROCESSOR_DEFINITIONS = (
					"DEBUG=1",
					"$(inherited)",
				);
				GCC_WARN_64_TO_32_BIT_CONVERSION = YES;
				GCC_WARN_ABOUT_RETURN_TYPE = YES_ERROR;
				GCC_WARN_UNDECLARED_SELECTOR = YES;
				GCC_WARN_UNINITIALIZED_AUTOS = YES_AGGRESSIVE;
				GCC_WARN_UNUSED_FUNCTION = YES;
				GCC_WARN_UNUSED_VARIABLE = YES;
				IPHONEOS_DEPLOYMENT_TARGET = 11.1;
				MTL_ENABLE_DEBUG_INFO = YES;
				ONLY_ACTIVE_ARCH = YES;
				SDKROOT = iphoneos;
				SWIFT_ACTIVE_COMPILATION_CONDITIONS = DEBUG;
				SWIFT_OPTIMIZATION_LEVEL = "-Onone";
			};
			name = Debug;
		};
		3D21C0901FC4EA6F00F4DFC3 /* Release */ = {
			isa = XCBuildConfiguration;
			buildSettings = {
				ALWAYS_SEARCH_USER_PATHS = NO;
				CLANG_ANALYZER_NONNULL = YES;
				CLANG_ANALYZER_NUMBER_OBJECT_CONVERSION = YES_AGGRESSIVE;
				CLANG_CXX_LANGUAGE_STANDARD = "gnu++14";
				CLANG_CXX_LIBRARY = "libc++";
				CLANG_ENABLE_MODULES = YES;
				CLANG_ENABLE_OBJC_ARC = YES;
				CLANG_WARN_BLOCK_CAPTURE_AUTORELEASING = YES;
				CLANG_WARN_BOOL_CONVERSION = YES;
				CLANG_WARN_COMMA = YES;
				CLANG_WARN_CONSTANT_CONVERSION = YES;
				CLANG_WARN_DIRECT_OBJC_ISA_USAGE = YES_ERROR;
				CLANG_WARN_DOCUMENTATION_COMMENTS = YES;
				CLANG_WARN_EMPTY_BODY = YES;
				CLANG_WARN_ENUM_CONVERSION = YES;
				CLANG_WARN_INFINITE_RECURSION = YES;
				CLANG_WARN_INT_CONVERSION = YES;
				CLANG_WARN_NON_LITERAL_NULL_CONVERSION = YES;
				CLANG_WARN_OBJC_LITERAL_CONVERSION = YES;
				CLANG_WARN_OBJC_ROOT_CLASS = YES_ERROR;
				CLANG_WARN_RANGE_LOOP_ANALYSIS = YES;
				CLANG_WARN_STRICT_PROTOTYPES = YES;
				CLANG_WARN_SUSPICIOUS_MOVE = YES;
				CLANG_WARN_UNGUARDED_AVAILABILITY = YES_AGGRESSIVE;
				CLANG_WARN_UNREACHABLE_CODE = YES;
				CLANG_WARN__DUPLICATE_METHOD_MATCH = YES;
				CODE_SIGN_IDENTITY = "iPhone Developer";
				COPY_PHASE_STRIP = NO;
				DEBUG_INFORMATION_FORMAT = "dwarf-with-dsym";
				ENABLE_NS_ASSERTIONS = NO;
				ENABLE_STRICT_OBJC_MSGSEND = YES;
				GCC_C_LANGUAGE_STANDARD = gnu11;
				GCC_NO_COMMON_BLOCKS = YES;
				GCC_WARN_64_TO_32_BIT_CONVERSION = YES;
				GCC_WARN_ABOUT_RETURN_TYPE = YES_ERROR;
				GCC_WARN_UNDECLARED_SELECTOR = YES;
				GCC_WARN_UNINITIALIZED_AUTOS = YES_AGGRESSIVE;
				GCC_WARN_UNUSED_FUNCTION = YES;
				GCC_WARN_UNUSED_VARIABLE = YES;
				IPHONEOS_DEPLOYMENT_TARGET = 11.1;
				MTL_ENABLE_DEBUG_INFO = NO;
				SDKROOT = iphoneos;
				SWIFT_OPTIMIZATION_LEVEL = "-Owholemodule";
				VALIDATE_PRODUCT = YES;
			};
			name = Release;
		};
		3D21C0921FC4EA6F00F4DFC3 /* Debug */ = {
			isa = XCBuildConfiguration;
			baseConfigurationReference = 4788F5809283A9294A57339F /* Pods-TravelDiscovery.debug.xcconfig */;
			buildSettings = {
				ASSETCATALOG_COMPILER_APPICON_NAME = AppIcon;
				CODE_SIGN_ENTITLEMENTS = TravelDiscovery/TravelDiscovery.entitlements;
				CODE_SIGN_STYLE = Automatic;
				DEVELOPMENT_TEAM = Q632JFQA88;
				FRAMEWORK_SEARCH_PATHS = (
					"$(inherited)",
					"$(PROJECT_DIR)/Pods/FirebaseAnalytics/Frameworks",
					"$(PROJECT_DIR)/Pods/FirebaseAuth/Frameworks",
					"$(PROJECT_DIR)/Pods/FirebaseCore/Frameworks",
					"$(PROJECT_DIR)/Pods/FirebaseDatabase/Frameworks",
					"$(PROJECT_DIR)/Pods/FirebaseFirestore/Frameworks",
					"$(PROJECT_DIR)/Pods/FirebaseInstanceID/Frameworks",
					"$(PROJECT_DIR)/Pods/FirebaseStorage/Frameworks",
					"$(PROJECT_DIR)/Pods/FirebaseUI/FirebaseUIFrameworks/FirebaseAuthUI/Frameworks",
					"$(PROJECT_DIR)/Pods/FirebaseUI/FirebaseUIFrameworks/FirebaseDatabaseUI/Frameworks",
					"$(PROJECT_DIR)/Pods/FirebaseUI/FirebaseUIFrameworks/FirebaseFacebookAuthUI/Frameworks",
					"$(PROJECT_DIR)/Pods/FirebaseUI/FirebaseUIFrameworks/FirebaseFirestoreUI/Frameworks",
					"$(PROJECT_DIR)/Pods/FirebaseUI/FirebaseUIFrameworks/FirebaseGoogleAuthUI/Frameworks",
					"$(PROJECT_DIR)/Pods/FirebaseUI/FirebaseUIFrameworks/FirebasePhoneAuthUI/Frameworks",
					"$(PROJECT_DIR)/Pods/FirebaseUI/FirebaseUIFrameworks/FirebaseStorageUI/Frameworks",
					"$(PROJECT_DIR)/Pods/FirebaseUI/FirebaseUIFrameworks/FirebaseTwitterAuthUI/Frameworks",
					"$(PROJECT_DIR)/Pods/GoogleSignIn/Frameworks",
					"$(PROJECT_DIR)/Pods/TwitterCore/iOS",
					"$(PROJECT_DIR)/Pods/TwitterKit/iOS",
				);
				INFOPLIST_FILE = TravelDiscovery/Info.plist;
				LD_RUNPATH_SEARCH_PATHS = "$(inherited) @executable_path/Frameworks";
				PRODUCT_BUNDLE_IDENTIFIER = iOSTravelCrew.TravelDiscovery;
				PRODUCT_NAME = "$(TARGET_NAME)";
				SWIFT_VERSION = 4.0;
				TARGETED_DEVICE_FAMILY = 1;
			};
			name = Debug;
		};
		3D21C0931FC4EA6F00F4DFC3 /* Release */ = {
			isa = XCBuildConfiguration;
			baseConfigurationReference = FC9C25524CA74ED489C2405E /* Pods-TravelDiscovery.release.xcconfig */;
			buildSettings = {
				ASSETCATALOG_COMPILER_APPICON_NAME = AppIcon;
				CODE_SIGN_ENTITLEMENTS = TravelDiscovery/TravelDiscovery.entitlements;
				CODE_SIGN_STYLE = Automatic;
				DEVELOPMENT_TEAM = Q632JFQA88;
				FRAMEWORK_SEARCH_PATHS = (
					"$(inherited)",
					"$(PROJECT_DIR)/Pods/FirebaseAnalytics/Frameworks",
					"$(PROJECT_DIR)/Pods/FirebaseAuth/Frameworks",
					"$(PROJECT_DIR)/Pods/FirebaseCore/Frameworks",
					"$(PROJECT_DIR)/Pods/FirebaseDatabase/Frameworks",
					"$(PROJECT_DIR)/Pods/FirebaseFirestore/Frameworks",
					"$(PROJECT_DIR)/Pods/FirebaseInstanceID/Frameworks",
					"$(PROJECT_DIR)/Pods/FirebaseStorage/Frameworks",
					"$(PROJECT_DIR)/Pods/FirebaseUI/FirebaseUIFrameworks/FirebaseAuthUI/Frameworks",
					"$(PROJECT_DIR)/Pods/FirebaseUI/FirebaseUIFrameworks/FirebaseDatabaseUI/Frameworks",
					"$(PROJECT_DIR)/Pods/FirebaseUI/FirebaseUIFrameworks/FirebaseFacebookAuthUI/Frameworks",
					"$(PROJECT_DIR)/Pods/FirebaseUI/FirebaseUIFrameworks/FirebaseFirestoreUI/Frameworks",
					"$(PROJECT_DIR)/Pods/FirebaseUI/FirebaseUIFrameworks/FirebaseGoogleAuthUI/Frameworks",
					"$(PROJECT_DIR)/Pods/FirebaseUI/FirebaseUIFrameworks/FirebasePhoneAuthUI/Frameworks",
					"$(PROJECT_DIR)/Pods/FirebaseUI/FirebaseUIFrameworks/FirebaseStorageUI/Frameworks",
					"$(PROJECT_DIR)/Pods/FirebaseUI/FirebaseUIFrameworks/FirebaseTwitterAuthUI/Frameworks",
					"$(PROJECT_DIR)/Pods/GoogleSignIn/Frameworks",
					"$(PROJECT_DIR)/Pods/TwitterCore/iOS",
					"$(PROJECT_DIR)/Pods/TwitterKit/iOS",
				);
				INFOPLIST_FILE = TravelDiscovery/Info.plist;
				LD_RUNPATH_SEARCH_PATHS = "$(inherited) @executable_path/Frameworks";
				PRODUCT_BUNDLE_IDENTIFIER = iOSTravelCrew.TravelDiscovery;
				PRODUCT_NAME = "$(TARGET_NAME)";
				SWIFT_VERSION = 4.0;
				TARGETED_DEVICE_FAMILY = 1;
			};
			name = Release;
		};
		3D21C0951FC4EA6F00F4DFC3 /* Debug */ = {
			isa = XCBuildConfiguration;
			baseConfigurationReference = BC819D78A77B0BE93C4145D9 /* Pods-TravelDiscoveryTests.debug.xcconfig */;
			buildSettings = {
				ALWAYS_EMBED_SWIFT_STANDARD_LIBRARIES = YES;
				BUNDLE_LOADER = "$(TEST_HOST)";
				CODE_SIGN_STYLE = Automatic;
				DEVELOPMENT_TEAM = Q632JFQA88;
				INFOPLIST_FILE = TravelDiscoveryTests/Info.plist;
				LD_RUNPATH_SEARCH_PATHS = "$(inherited) @executable_path/Frameworks @loader_path/Frameworks";
				PRODUCT_BUNDLE_IDENTIFIER = iOSTravelCrew.TravelDiscoveryTests;
				PRODUCT_NAME = "$(TARGET_NAME)";
				SWIFT_VERSION = 4.0;
				TARGETED_DEVICE_FAMILY = "1,2";
				TEST_HOST = "$(BUILT_PRODUCTS_DIR)/TravelDiscovery.app/TravelDiscovery";
			};
			name = Debug;
		};
		3D21C0961FC4EA6F00F4DFC3 /* Release */ = {
			isa = XCBuildConfiguration;
			baseConfigurationReference = 4BEB1DD982A34EBDA546EB93 /* Pods-TravelDiscoveryTests.release.xcconfig */;
			buildSettings = {
				ALWAYS_EMBED_SWIFT_STANDARD_LIBRARIES = YES;
				BUNDLE_LOADER = "$(TEST_HOST)";
				CODE_SIGN_STYLE = Automatic;
				DEVELOPMENT_TEAM = Q632JFQA88;
				INFOPLIST_FILE = TravelDiscoveryTests/Info.plist;
				LD_RUNPATH_SEARCH_PATHS = "$(inherited) @executable_path/Frameworks @loader_path/Frameworks";
				PRODUCT_BUNDLE_IDENTIFIER = iOSTravelCrew.TravelDiscoveryTests;
				PRODUCT_NAME = "$(TARGET_NAME)";
				SWIFT_VERSION = 4.0;
				TARGETED_DEVICE_FAMILY = "1,2";
				TEST_HOST = "$(BUILT_PRODUCTS_DIR)/TravelDiscovery.app/TravelDiscovery";
			};
			name = Release;
		};
/* End XCBuildConfiguration section */

/* Begin XCConfigurationList section */
		3D21C06D1FC4EA6E00F4DFC3 /* Build configuration list for PBXProject "TravelDiscovery" */ = {
			isa = XCConfigurationList;
			buildConfigurations = (
				3D21C08F1FC4EA6F00F4DFC3 /* Debug */,
				3D21C0901FC4EA6F00F4DFC3 /* Release */,
			);
			defaultConfigurationIsVisible = 0;
			defaultConfigurationName = Release;
		};
		3D21C0911FC4EA6F00F4DFC3 /* Build configuration list for PBXNativeTarget "TravelDiscovery" */ = {
			isa = XCConfigurationList;
			buildConfigurations = (
				3D21C0921FC4EA6F00F4DFC3 /* Debug */,
				3D21C0931FC4EA6F00F4DFC3 /* Release */,
			);
			defaultConfigurationIsVisible = 0;
			defaultConfigurationName = Release;
		};
		3D21C0941FC4EA6F00F4DFC3 /* Build configuration list for PBXNativeTarget "TravelDiscoveryTests" */ = {
			isa = XCConfigurationList;
			buildConfigurations = (
				3D21C0951FC4EA6F00F4DFC3 /* Debug */,
				3D21C0961FC4EA6F00F4DFC3 /* Release */,
			);
			defaultConfigurationIsVisible = 0;
			defaultConfigurationName = Release;
		};
/* End XCConfigurationList section */
	};
	rootObject = 3D21C06A1FC4EA6E00F4DFC3 /* Project object */;
}
